{
  "originHash" : "f26ffa042c032dbe55c26032fddc8c84cf2101b44239f59cea3f223b52c69d09",
  "pins" : [
    {
      "identity" : "swift-argument-parser",
      "kind" : "remoteSourceControl",
      "location" : "https://github.com/apple/swift-argument-parser",
      "state" : {
        "revision" : "c5d11a805e765f52ba34ec7284bd4fcd6ba68615",
        "version" : "1.7.0"
      }
    },
    {
      "identity" : "swift-toml",
      "kind" : "remoteSourceControl",
      "location" : "https://github.com/mattt/swift-toml.git",
      "state" : {
        "revision" : "827506c90475e82d5a7f191f950fb3025cbdc0d6",
        "version" : "2.0.0"
      }
    }
  ],
  "version" : 3
}
